// !$*UTF8*$!
{
	archiveVersion = 1;
	classes = {
	};
	objectVersion = 46;
	objects = {

/* Begin PBXBuildFile section */
		C525151E1B28D9DF00929479 /* AppDelegate.swift in Sources */ = {isa = PBXBuildFile; fileRef = C525151D1B28D9DF00929479 /* AppDelegate.swift */; };
		C52515231B28D9DF00929479 /* Main.storyboard in Resources */ = {isa = PBXBuildFile; fileRef = C52515211B28D9DF00929479 /* Main.storyboard */; };
		C52515251B28D9DF00929479 /* Images.xcassets in Resources */ = {isa = PBXBuildFile; fileRef = C52515241B28D9DF00929479 /* Images.xcassets */; };
		C52515281B28D9DF00929479 /* LaunchScreen.xib in Resources */ = {isa = PBXBuildFile; fileRef = C52515261B28D9DF00929479 /* LaunchScreen.xib */; };
		C52515341B28D9DF00929479 /* TipsTests.swift in Sources */ = {isa = PBXBuildFile; fileRef = C52515331B28D9DF00929479 /* TipsTests.swift */; };
		C52515401B2901BB00929479 /* TipsViewController.swift in Sources */ = {isa = PBXBuildFile; fileRef = C525153F1B2901BB00929479 /* TipsViewController.swift */; };
		C52515441B2A2D8D00929479 /* FredCalculator.swift in Sources */ = {isa = PBXBuildFile; fileRef = C52515431B2A2D8D00929479 /* FredCalculator.swift */; };
/* End PBXBuildFile section */

/* Begin PBXContainerItemProxy section */
		C525152E1B28D9DF00929479 /* PBXContainerItemProxy */ = {
			isa = PBXContainerItemProxy;
			containerPortal = C52515101B28D9DF00929479 /* Project object */;
			proxyType = 1;
			remoteGlobalIDString = C52515171B28D9DF00929479;
			remoteInfo = Tips;
		};
/* End PBXContainerItemProxy section */

/* Begin PBXFileReference section */
		C52515181B28D9DF00929479 /* Tips.app */ = {isa = PBXFileReference; explicitFileType = wrapper.application; includeInIndex = 0; path = Tips.app; sourceTree = BUILT_PRODUCTS_DIR; };
		C525151C1B28D9DF00929479 /* Info.plist */ = {isa = PBXFileReference; lastKnownFileType = text.plist.xml; path = Info.plist; sourceTree = "<group>"; };
		C525151D1B28D9DF00929479 /* AppDelegate.swift */ = {isa = PBXFileReference; lastKnownFileType = sourcecode.swift; path = AppDelegate.swift; sourceTree = "<group>"; };
		C52515221B28D9DF00929479 /* Base */ = {isa = PBXFileReference; lastKnownFileType = file.storyboard; name = Base; path = Base.lproj/Main.storyboard; sourceTree = "<group>"; };
		C52515241B28D9DF00929479 /* Images.xcassets */ = {isa = PBXFileReference; lastKnownFileType = folder.assetcatalog; path = Images.xcassets; sourceTree = "<group>"; };
		C52515271B28D9DF00929479 /* Base */ = {isa = PBXFileReference; lastKnownFileType = file.xib; name = Base; path = Base.lproj/LaunchScreen.xib; sourceTree = "<group>"; };
		C525152D1B28D9DF00929479 /* TipsTests.xctest */ = {isa = PBXFileReference; explicitFileType = wrapper.cfbundle; includeInIndex = 0; path = TipsTests.xctest; sourceTree = BUILT_PRODUCTS_DIR; };
		C52515321B28D9DF00929479 /* Info.plist */ = {isa = PBXFileReference; lastKnownFileType = text.plist.xml; path = Info.plist; sourceTree = "<group>"; };
		C52515331B28D9DF00929479 /* TipsTests.swift */ = {isa = PBXFileReference; lastKnownFileType = sourcecode.swift; path = TipsTests.swift; sourceTree = "<group>"; };
		C525153F1B2901BB00929479 /* TipsViewController.swift */ = {isa = PBXFileReference; fileEncoding = 4; lastKnownFileType = sourcecode.swift; path = TipsViewController.swift; sourceTree = "<group>"; };
		C52515431B2A2D8D00929479 /* FredCalculator.swift */ = {isa = PBXFileReference; fileEncoding = 4; lastKnownFileType = sourcecode.swift; path = FredCalculator.swift; sourceTree = "<group>"; };
/* End PBXFileReference section */

/* Begin PBXFrameworksBuildPhase section */
		C52515151B28D9DF00929479 /* Frameworks */ = {
			isa = PBXFrameworksBuildPhase;
			buildActionMask = 2147483647;
			files = (
			);
			runOnlyForDeploymentPostprocessing = 0;
		};
		C525152A1B28D9DF00929479 /* Frameworks */ = {
			isa = PBXFrameworksBuildPhase;
			buildActionMask = 2147483647;
			files = (
			);
			runOnlyForDeploymentPostprocessing = 0;
		};
/* End PBXFrameworksBuildPhase section */

/* Begin PBXGroup section */
		C525150F1B28D9DF00929479 = {
			isa = PBXGroup;
			children = (
				C525151A1B28D9DF00929479 /* Tips */,
				C52515301B28D9DF00929479 /* TipsTests */,
				C52515191B28D9DF00929479 /* Products */,
			);
			sourceTree = "<group>";
		};
		C52515191B28D9DF00929479 /* Products */ = {
			isa = PBXGroup;
			children = (
				C52515181B28D9DF00929479 /* Tips.app */,
				C525152D1B28D9DF00929479 /* TipsTests.xctest */,
			);
			name = Products;
			sourceTree = "<group>";
		};
		C525151A1B28D9DF00929479 /* Tips */ = {
			isa = PBXGroup;
			children = (
				C52515431B2A2D8D00929479 /* FredCalculator.swift */,
				C525153F1B2901BB00929479 /* TipsViewController.swift */,
				C525151D1B28D9DF00929479 /* AppDelegate.swift */,
				C52515211B28D9DF00929479 /* Main.storyboard */,
				C52515241B28D9DF00929479 /* Images.xcassets */,
				C52515261B28D9DF00929479 /* LaunchScreen.xib */,
				C525151B1B28D9DF00929479 /* Supporting Files */,
			);
			path = Tips;
			sourceTree = "<group>";
		};
		C525151B1B28D9DF00929479 /* Supporting Files */ = {
			isa = PBXGroup;
			children = (
				C525151C1B28D9DF00929479 /* Info.plist */,
			);
			name = "Supporting Files";
			sourceTree = "<group>";
		};
		C52515301B28D9DF00929479 /* TipsTests */ = {
			isa = PBXGroup;
			children = (
				C52515331B28D9DF00929479 /* TipsTests.swift */,
				C52515311B28D9DF00929479 /* Supporting Files */,
			);
			path = TipsTests;
			sourceTree = "<group>";
		};
		C52515311B28D9DF00929479 /* Supporting Files */ = {
			isa = PBXGroup;
			children = (
				C52515321B28D9DF00929479 /* Info.plist */,
			);
			name = "Supporting Files";
			sourceTree = "<group>";
		};
/* End PBXGroup section */

/* Begin PBXNativeTarget section */
		C52515171B28D9DF00929479 /* Tips */ = {
			isa = PBXNativeTarget;
			buildConfigurationList = C52515371B28D9DF00929479 /* Build configuration list for PBXNativeTarget "Tips" */;
			buildPhases = (
				C52515141B28D9DF00929479 /* Sources */,
				C52515151B28D9DF00929479 /* Frameworks */,
				C52515161B28D9DF00929479 /* Resources */,
			);
			buildRules = (
			);
			dependencies = (
			);
			name = Tips;
			productName = Tips;
			productReference = C52515181B28D9DF00929479 /* Tips.app */;
			productType = "com.apple.product-type.application";
		};
		C525152C1B28D9DF00929479 /* TipsTests */ = {
			isa = PBXNativeTarget;
			buildConfigurationList = C525153A1B28D9DF00929479 /* Build configuration list for PBXNativeTarget "TipsTests" */;
			buildPhases = (
				C52515291B28D9DF00929479 /* Sources */,
				C525152A1B28D9DF00929479 /* Frameworks */,
				C525152B1B28D9DF00929479 /* Resources */,
			);
			buildRules = (
			);
			dependencies = (
				C525152F1B28D9DF00929479 /* PBXTargetDependency */,
			);
			name = TipsTests;
			productName = TipsTests;
			productReference = C525152D1B28D9DF00929479 /* TipsTests.xctest */;
			productType = "com.apple.product-type.bundle.unit-test";
		};
/* End PBXNativeTarget section */

/* Begin PBXProject section */
		C52515101B28D9DF00929479 /* Project object */ = {
			isa = PBXProject;
			attributes = {
				LastUpgradeCheck = 0630;
				ORGANIZATIONNAME = "Strat Aguilar";
				TargetAttributes = {
					C52515171B28D9DF00929479 = {
						CreatedOnToolsVersion = 6.3.2;
						DevelopmentTeam = RAK82466YH;
					};
					C525152C1B28D9DF00929479 = {
						CreatedOnToolsVersion = 6.3.2;
						TestTargetID = C52515171B28D9DF00929479;
					};
				};
			};
			buildConfigurationList = C52515131B28D9DF00929479 /* Build configuration list for PBXProject "Tips" */;
			compatibilityVersion = "Xcode 3.2";
			developmentRegion = English;
			hasScannedForEncodings = 0;
			knownRegions = (
				en,
				Base,
			);
			mainGroup = C525150F1B28D9DF00929479;
			productRefGroup = C52515191B28D9DF00929479 /* Products */;
			projectDirPath = "";
			projectRoot = "";
			targets = (
				C52515171B28D9DF00929479 /* Tips */,
				C525152C1B28D9DF00929479 /* TipsTests */,
			);
		};
/* End PBXProject section */

/* Begin PBXResourcesBuildPhase section */
		C52515161B28D9DF00929479 /* Resources */ = {
			isa = PBXResourcesBuildPhase;
			buildActionMask = 2147483647;
			files = (
				C52515231B28D9DF00929479 /* Main.storyboard in Resources */,
				C52515281B28D9DF00929479 /* LaunchScreen.xib in Resources */,
				C52515251B28D9DF00929479 /* Images.xcassets in Resources */,
			);
			runOnlyForDeploymentPostprocessing = 0;
		};
		C525152B1B28D9DF00929479 /* Resources */ = {
			isa = PBXResourcesBuildPhase;
			buildActionMask = 2147483647;
			files = (
			);
			runOnlyForDeploymentPostprocessing = 0;
		};
/* End PBXResourcesBuildPhase section */

/* Begin PBXSourcesBuildPhase section */
		C52515141B28D9DF00929479 /* Sources */ = {
			isa = PBXSourcesBuildPhase;
			buildActionMask = 2147483647;
			files = (
				C52515441B2A2D8D00929479 /* FredCalculator.swift in Sources */,
				C52515401B2901BB00929479 /* TipsViewController.swift in Sources */,
				C525151E1B28D9DF00929479 /* AppDelegate.swift in Sources */,
			);
			runOnlyForDeploymentPostprocessing = 0;
		};
		C52515291B28D9DF00929479 /* Sources */ = {
			isa = PBXSourcesBuildPhase;
			buildActionMask = 2147483647;
			files = (
				C52515341B28D9DF00929479 /* TipsTests.swift in Sources */,
			);
			runOnlyForDeploymentPostprocessing = 0;
		};
/* End PBXSourcesBuildPhase section */

/* Begin PBXTargetDependency section */
		C525152F1B28D9DF00929479 /* PBXTargetDependency */ = {
			isa = PBXTargetDependency;
			target = C52515171B28D9DF00929479 /* Tips */;
			targetProxy = C525152E1B28D9DF00929479 /* PBXContainerItemProxy */;
		};
/* End PBXTargetDependency section */

/* Begin PBXVariantGroup section */
		C52515211B28D9DF00929479 /* Main.storyboard */ = {
			isa = PBXVariantGroup;
			children = (
				C52515221B28D9DF00929479 /* Base */,
			);
			name = Main.storyboard;
			sourceTree = "<group>";
		};
		C52515261B28D9DF00929479 /* LaunchScreen.xib */ = {
			isa = PBXVariantGroup;
			children = (
				C52515271B28D9DF00929479 /* Base */,
			);
			name = LaunchScreen.xib;
			sourceTree = "<group>";
		};
/* End PBXVariantGroup section */

/* Begin XCBuildConfiguration section */
		C52515351B28D9DF00929479 /* Debug */ = {
			isa = XCBuildConfiguration;
			buildSettings = {
				ALWAYS_SEARCH_USER_PATHS = NO;
				CLANG_CXX_LANGUAGE_STANDARD = "gnu++0x";
				CLANG_CXX_LIBRARY = "libc++";
				CLANG_ENABLE_MODULES = YES;
				CLANG_ENABLE_OBJC_ARC = YES;
				CLANG_WARN_BOOL_CONVERSION = YES;
				CLANG_WARN_CONSTANT_CONVERSION = YES;
				CLANG_WARN_DIRECT_OBJC_ISA_USAGE = YES_ERROR;
				CLANG_WARN_EMPTY_BODY = YES;
				CLANG_WARN_ENUM_CONVERSION = YES;
				CLANG_WARN_INT_CONVERSION = YES;
				CLANG_WARN_OBJC_ROOT_CLASS = YES_ERROR;
				CLANG_WARN_UNREACHABLE_CODE = YES;
				CLANG_WARN__DUPLICATE_METHOD_MATCH = YES;
				"CODE_SIGN_IDENTITY[sdk=iphoneos*]" = "iPhone Developer";
				COPY_PHASE_STRIP = NO;
				DEBUG_INFORMATION_FORMAT = "dwarf-with-dsym";
				ENABLE_STRICT_OBJC_MSGSEND = YES;
				GCC_C_LANGUAGE_STANDARD = gnu99;
				GCC_DYNAMIC_NO_PIC = NO;
				GCC_NO_COMMON_BLOCKS = YES;
				GCC_OPTIMIZATION_LEVEL = 0;
				GCC_PREPROCESSOR_DEFINITIONS = (
					"DEBUG=1",
					"$(inherited)",
				);
				GCC_SYMBOLS_PRIVATE_EXTERN = NO;
				GCC_WARN_64_TO_32_BIT_CONVERSION = YES;
				GCC_WARN_ABOUT_RETURN_TYPE = YES_ERROR;
				GCC_WARN_UNDECLARED_SELECTOR = YES;
				GCC_WARN_UNINITIALIZED_AUTOS = YES_AGGRESSIVE;
				GCC_WARN_UNUSED_FUNCTION = YES;
				GCC_WARN_UNUSED_VARIABLE = YES;
				IPHONEOS_DEPLOYMENT_TARGET = 8.3;
				MTL_ENABLE_DEBUG_INFO = YES;
				ONLY_ACTIVE_ARCH = YES;
				SDKROOT = iphoneos;
				SWIFT_OPTIMIZATION_LEVEL = "-Onone";
				TARGETED_DEVICE_FAMILY = "1,2";
			};
			name = Debug;
		};
		C52515361B28D9DF00929479 /* Release */ = {
			isa = XCBuildConfiguration;
			buildSettings = {
				ALWAYS_SEARCH_USER_PATHS = NO;
				CLANG_CXX_LANGUAGE_STANDARD = "gnu++0x";
				CLANG_CXX_LIBRARY = "libc++";
				CLANG_ENABLE_MODULES = YES;
				CLANG_ENABLE_OBJC_ARC = YES;
				CLANG_WARN_BOOL_CONVERSION = YES;
				CLANG_WARN_CONSTANT_CONVERSION = YES;
				CLANG_WARN_DIRECT_OBJC_ISA_USAGE = YES_ERROR;
				CLANG_WARN_EMPTY_BODY = YES;
				CLANG_WARN_ENUM_CONVERSION = YES;
				CLANG_WARN_INT_CONVERSION = YES;
				CLANG_WARN_OBJC_ROOT_CLASS = YES_ERROR;
				CLANG_WARN_UNREACHABLE_CODE = YES;
				CLANG_WARN__DUPLICATE_METHOD_MATCH = YES;
				"CODE_SIGN_IDENTITY[sdk=iphoneos*]" = "iPhone Developer";
				COPY_PHASE_STRIP = NO;
				DEBUG_INFORMATION_FORMAT = "dwarf-with-dsym";
				ENABLE_NS_ASSERTIONS = NO;
				ENABLE_STRICT_OBJC_MSGSEND = YES;
				GCC_C_LANGUAGE_STANDARD = gnu99;
				GCC_NO_COMMON_BLOCKS = YES;
				GCC_WARN_64_TO_32_BIT_CONVERSION = YES;
				GCC_WARN_ABOUT_RETURN_TYPE = YES_ERROR;
				GCC_WARN_UNDECLARED_SELECTOR = YES;
				GCC_WARN_UNINITIALIZED_AUTOS = YES_AGGRESSIVE;
				GCC_WARN_UNUSED_FUNCTION = YES;
				GCC_WARN_UNUSED_VARIABLE = YES;
				IPHONEOS_DEPLOYMENT_TARGET = 8.3;
				MTL_ENABLE_DEBUG_INFO = NO;
				SDKROOT = iphoneos;
				TARGETED_DEVICE_FAMILY = "1,2";
				VALIDATE_PRODUCT = YES;
			};
			name = Release;
		};
		C52515381B28D9DF00929479 /* Debug */ = {
			isa = XCBuildConfiguration;
			buildSettings = {
				ASSETCATALOG_COMPILER_APPICON_NAME = AppIcon;
				CODE_SIGN_IDENTITY = "iPhone Developer";
				"CODE_SIGN_IDENTITY[sdk=iphoneos*]" = "iPhone Developer";
				INFOPLIST_FILE = Tips/Info.plist;
				LD_RUNPATH_SEARCH_PATHS = "$(inherited) @executable_path/Frameworks";
				PRODUCT_NAME = "$(TARGET_NAME)";
				PROVISIONING_PROFILE = "";
			};
			name = Debug;
		};
		C52515391B28D9DF00929479 /* Release */ = {
			isa = XCBuildConfiguration;
			buildSettings = {
				ASSETCATALOG_COMPILER_APPICON_NAME = AppIcon;
				CODE_SIGN_IDENTITY = "iPhone Developer";
				"CODE_SIGN_IDENTITY[sdk=iphoneos*]" = "iPhone Developer";
				INFOPLIST_FILE = Tips/Info.plist;
				LD_RUNPATH_SEARCH_PATHS = "$(inherited) @executable_path/Frameworks";
				PRODUCT_NAME = "$(TARGET_NAME)";
				PROVISIONING_PROFILE = "";
			};
			name = Release;
		};
		C525153B1B28D9DF00929479 /* Debug */ = {
			isa = XCBuildConfiguration;
			buildSettings = {
				BUNDLE_LOADER = "$(TEST_HOST)";
				FRAMEWORK_SEARCH_PATHS = (
					"$(SDKROOT)/Developer/Library/Frameworks",
					"$(inherited)",
				);
				GCC_PREPROCESSOR_DEFINITIONS = (
					"DEBUG=1",
					"$(inherited)",
				);
				INFOPLIST_FILE = TipsTests/Info.plist;
				LD_RUNPATH_SEARCH_PATHS = "$(inherited) @executable_path/Frameworks @loader_path/Frameworks";
				PRODUCT_NAME = "$(TARGET_NAME)";
				TEST_HOST = "$(BUILT_PRODUCTS_DIR)/Tips.app/Tips";
			};
			name = Debug;
		};
		C525153C1B28D9DF00929479 /* Release */ = {
			isa = XCBuildConfiguration;
			buildSettings = {
				BUNDLE_LOADER = "$(TEST_HOST)";
				FRAMEWORK_SEARCH_PATHS = (
					"$(SDKROOT)/Developer/Library/Frameworks",
					"$(inherited)",
				);
				INFOPLIST_FILE = TipsTests/Info.plist;
				LD_RUNPATH_SEARCH_PATHS = "$(inherited) @executable_path/Frameworks @loader_path/Frameworks";
				PRODUCT_NAME = "$(TARGET_NAME)";
				TEST_HOST = "$(BUILT_PRODUCTS_DIR)/Tips.app/Tips";
			};
			name = Release;
		};
/* End XCBuildConfiguration section */

/* Begin XCConfigurationList section */
		C52515131B28D9DF00929479 /* Build configuration list for PBXProject "Tips" */ = {
			isa = XCConfigurationList;
			buildConfigurations = (
				C52515351B28D9DF00929479 /* Debug */,
				C52515361B28D9DF00929479 /* Release */,
			);
			defaultConfigurationIsVisible = 0;
			defaultConfigurationName = Release;
		};
		C52515371B28D9DF00929479 /* Build configuration list for PBXNativeTarget "Tips" */ = {
			isa = XCConfigurationList;
			buildConfigurations = (
				C52515381B28D9DF00929479 /* Debug */,
				C52515391B28D9DF00929479 /* Release */,
			);
			defaultConfigurationIsVisible = 0;
		};
		C525153A1B28D9DF00929479 /* Build configuration list for PBXNativeTarget "TipsTests" */ = {
			isa = XCConfigurationList;
			buildConfigurations = (
				C525153B1B28D9DF00929479 /* Debug */,
				C525153C1B28D9DF00929479 /* Release */,
			);
			defaultConfigurationIsVisible = 0;
		};
/* End XCConfigurationList section */
	};
	rootObject = C52515101B28D9DF00929479 /* Project object */;
}
